<Solution>
  <Folder Name="/src/">
    <Project Path="src/VisualStudioTranslator.Core/VisualStudioTranslator.Core.csproj" />
    <Project Path="src/VisualStudioTranslator.Engine/VisualStudioTranslator.Engine.csproj" />
    <Project Path="src/VisualStudioTranslator.Vsix/VisualStudioTranslator.Vsix.csproj">
      <Deploy Solution="Debug|*" />
    </Project>
  </Folder>
  <Folder Name="/tests/">
    <Project Path="tests/VisualStudioTranslator.Core.Tests/VisualStudioTranslator.Core.Tests.csproj" />
    <Project Path="tests/VisualStudioTranslator.Engine.Tests/VisualStudioTranslator.Engine.Tests.csproj" />
  </Folder>
</Solution>